
Microsoft Visual Studio Solution File, Format Version 12.00
# Visual Studio Version 16
VisualStudioVersion = 16.0.32106.194
MinimumVisualStudioVersion = 10.0.40219.1
Project("{FAE04EC0-301F-11D3-BF4B-00C04F79EFBC}") = "proje_11_method_example_2", "proje_11_method_example_2\proje_11_method_example_2.csproj", "{6FECFD29-735A-4B3D-848C-B8CC94F9B2E1}"
EndProject
Global
	GlobalSection(SolutionConfigurationPlatforms) = preSolution
		Debug|Any CPU = Debug|Any CPU
		Release|Any CPU = Release|Any CPU
	EndGlobalSection
	GlobalSection(ProjectConfigurationPlatforms) = postSolution
		{6FECFD29-735A-4B3D-848C-B8CC94F9B2E1}.Debug|Any CPU.ActiveCfg = Debug|Any CPU
		{6FECFD29-735A-4B3D-848C-B8CC94F9B2E1}.Debug|Any CPU.Build.0 = Debug|Any CPU
		{6FECFD29-735A-4B3D-848C-B8CC94F9B2E1}.Release|Any CPU.ActiveCfg = Release|Any CPU
		{6FECFD29-735A-4B3D-848C-B8CC94F9B2E1}.Release|Any CPU.Build.0 = Release|Any CPU
	EndGlobalSection
	GlobalSection(SolutionProperties) = preSolution
		HideSolutionNode = FALSE
	EndGlobalSection
	GlobalSection(ExtensibilityGlobals) = postSolution
		SolutionGuid = {1600FB6F-8E8F-46E8-9C4C-FAAA7A8310EF}
	EndGlobalSection
EndGlobal
