
Microsoft Visual Studio Solution File, Format Version 12.00
# Visual Studio Version 16
VisualStudioVersion = 16.0.32106.194
MinimumVisualStudioVersion = 10.0.40219.1
Project("{FAE04EC0-301F-11D3-BF4B-00C04F79EFBC}") = "Proje_10_Metodlar", "Proje_10_Metodlar\Proje_10_Metodlar.csproj", "{2450C628-4F3C-493A-9DBD-A983264DE517}"
EndProject
Global
	GlobalSection(SolutionConfigurationPlatforms) = preSolution
		Debug|Any CPU = Debug|Any CPU
		Release|Any CPU = Release|Any CPU
	EndGlobalSection
	GlobalSection(ProjectConfigurationPlatforms) = postSolution
		{2450C628-4F3C-493A-9DBD-A983264DE517}.Debug|Any CPU.ActiveCfg = Debug|Any CPU
		{2450C628-4F3C-493A-9DBD-A983264DE517}.Debug|Any CPU.Build.0 = Debug|Any CPU
		{2450C628-4F3C-493A-9DBD-A983264DE517}.Release|Any CPU.ActiveCfg = Release|Any CPU
		{2450C628-4F3C-493A-9DBD-A983264DE517}.Release|Any CPU.Build.0 = Release|Any CPU
	EndGlobalSection
	GlobalSection(SolutionProperties) = preSolution
		HideSolutionNode = FALSE
	EndGlobalSection
	GlobalSection(ExtensibilityGlobals) = postSolution
		SolutionGuid = {9333EF24-DBBA-40C1-A3A3-3A68223CD4E9}
	EndGlobalSection
EndGlobal
